
Microsoft Visual Studio Solution File, Format Version 12.00
# Visual Studio 2013
VisualStudioVersion = 12.0.30501.0
MinimumVisualStudioVersion = 10.0.40219.1
Project("{FAE04EC0-301F-11D3-BF4B-00C04F79EFBC}") = "GAP.Base", "GAP.Base\GAP.Base.csproj", "{E11D7DBB-8536-4EF7-8DA7-20D45D052B16}"
EndProject
Project("{FAE04EC0-301F-11D3-BF4B-00C04F79EFBC}") = "GAP.CqrsCore", "GAP.CqrsCore\GAP.CqrsCore.csproj", "{934ED199-011C-4283-80BC-CD897E48CF29}"
EndProject
Project("{FAE04EC0-301F-11D3-BF4B-00C04F79EFBC}") = "GAP.Cqrs.Implementation", "GAP.Cqrs.Implementation\GAP.Cqrs.Implementation.csproj", "{72255629-F6B9-4358-8F5A-4FFE1B8736DF}"
	ProjectSection(ProjectDependencies) = postProject
		{10D73B1C-CD6C-4A6A-A8BA-C8C5EEEA0FA4} = {10D73B1C-CD6C-4A6A-A8BA-C8C5EEEA0FA4}
	EndProjectSection
EndProject
Project("{FAE04EC0-301F-11D3-BF4B-00C04F79EFBC}") = "GAP.Visitor.Implementation", "GAP.Visitor.Implementation\GAP.Visitor.Implementation.csproj", "{91F8D57F-EFF9-4CCA-8AC9-EBD0123837A3}"
EndProject
Project("{2150E333-8FDC-42A3-9474-1A3956D46DE8}") = "GAP.Cqrs", "GAP.Cqrs", "{5856C40C-9673-4AB8-8C5A-67D1577CE602}"
EndProject
Project("{2150E333-8FDC-42A3-9474-1A3956D46DE8}") = "GAP.Visitor", "GAP.Visitor", "{8E02FCDA-EB82-4D1E-AEF4-B5174A9A716D}"
EndProject
Project("{2150E333-8FDC-42A3-9474-1A3956D46DE8}") = "GAP.Common", "GAP.Common", "{9671BE4F-2CFF-4AED-9275-005013AA8A77}"
EndProject
Project("{FAE04EC0-301F-11D3-BF4B-00C04F79EFBC}") = "GAP.Domain", "GAP.Domain\GAP.Domain.csproj", "{B7A7B2AF-F602-4524-9AD8-A391CF51CAC0}"
EndProject
Project("{FAE04EC0-301F-11D3-BF4B-00C04F79EFBC}") = "GAP.Infraestructure", "GAP.Infraestructure\GAP.Infraestructure.csproj", "{366D595C-0CEE-46FE-9BF8-FEF5E46857E1}"
EndProject
Project("{2150E333-8FDC-42A3-9474-1A3956D46DE8}") = "GAP.WebServices", "GAP.WebServices", "{7E9C81F0-0314-4707-A29C-6FB083FEBC5D}"
EndProject
Project("{2150E333-8FDC-42A3-9474-1A3956D46DE8}") = "GAP.WebApi", "GAP.WebApi", "{1007D401-B150-4F54-8EF7-9031C0ADC7E0}"
EndProject
Project("{2150E333-8FDC-42A3-9474-1A3956D46DE8}") = "GAP.Test", "GAP.Test", "{79A6A5AC-AD4E-45D3-9230-FFE74AD455DF}"
EndProject
Project("{2150E333-8FDC-42A3-9474-1A3956D46DE8}") = "UnitTest", "UnitTest", "{865763FE-9D68-433C-AFAF-175E3523DB43}"
EndProject
Project("{2150E333-8FDC-42A3-9474-1A3956D46DE8}") = "IntegrationTest", "IntegrationTest", "{CE8BE595-25DE-42F6-B3F2-49E05F205785}"
EndProject
Project("{2150E333-8FDC-42A3-9474-1A3956D46DE8}") = "GAP.Data", "GAP.Data", "{2CA5CABA-AF9D-44EF-BB9D-7885489134FF}"
EndProject
Project("{FAE04EC0-301F-11D3-BF4B-00C04F79EFBC}") = "GAP.DataAcces", "GAP.DataAcces\GAP.DataAcces.csproj", "{8E5D78BD-378F-4580-B91B-4B7E1B33E235}"
EndProject
Project("{FAE04EC0-301F-11D3-BF4B-00C04F79EFBC}") = "UnitTest", "UnitTest\UnitTest.csproj", "{8C9EA39F-64D1-4131-87DF-EDF46DB8564B}"
EndProject
Project("{FAE04EC0-301F-11D3-BF4B-00C04F79EFBC}") = "Integration", "Integration\Integration.csproj", "{53A57C6C-F588-4A04-9685-503E5A93D3BD}"
EndProject
Project("{2150E333-8FDC-42A3-9474-1A3956D46DE8}") = "GAP.Repositorys", "GAP.Repositorys", "{71D21833-C500-4F9A-B0AE-E40135D96DA5}"
EndProject
Project("{FAE04EC0-301F-11D3-BF4B-00C04F79EFBC}") = "GAP.Repository.LocalScheme", "GAP.Repository.LocalScheme\GAP.Repository.LocalScheme.csproj", "{4B2E67E0-AECE-4F17-A40E-5B6732E894AC}"
EndProject
Project("{FAE04EC0-301F-11D3-BF4B-00C04F79EFBC}") = "GAP.Repository.WebAPI.Cidi", "GAP.Repository.Cidi\GAP.Repository.WebAPI.Cidi.csproj", "{10D73B1C-CD6C-4A6A-A8BA-C8C5EEEA0FA4}"
	ProjectSection(ProjectDependencies) = postProject
		{657BB797-DF00-4D7C-9B32-CE3D28EDF143} = {657BB797-DF00-4D7C-9B32-CE3D28EDF143}
	EndProjectSection
EndProject
Project("{FAE04EC0-301F-11D3-BF4B-00C04F79EFBC}") = "GAP.Repository.GovernmentScheme", "GAP.Repository.GovernmentScheme\GAP.Repository.GovernmentScheme.csproj", "{64BD3078-2E2D-42E4-A339-23852B0A2CE3}"
EndProject
Project("{FAE04EC0-301F-11D3-BF4B-00C04F79EFBC}") = "GAP.RepositoryBase", "GAP.RepositoryBase\GAP.RepositoryBase.csproj", "{657BB797-DF00-4D7C-9B32-CE3D28EDF143}"
EndProject
Project("{FAE04EC0-301F-11D3-BF4B-00C04F79EFBC}") = "WebApi", "WebApi\WebApi.csproj", "{708AB291-720E-4810-9B21-DE4BA463B13F}"
EndProject
Global
	GlobalSection(SolutionConfigurationPlatforms) = preSolution
		Debug|Any CPU = Debug|Any CPU
		Release|Any CPU = Release|Any CPU
	EndGlobalSection
	GlobalSection(ProjectConfigurationPlatforms) = postSolution
		{E11D7DBB-8536-4EF7-8DA7-20D45D052B16}.Debug|Any CPU.ActiveCfg = Debug|Any CPU
		{E11D7DBB-8536-4EF7-8DA7-20D45D052B16}.Debug|Any CPU.Build.0 = Debug|Any CPU
		{E11D7DBB-8536-4EF7-8DA7-20D45D052B16}.Release|Any CPU.ActiveCfg = Release|Any CPU
		{E11D7DBB-8536-4EF7-8DA7-20D45D052B16}.Release|Any CPU.Build.0 = Release|Any CPU
		{934ED199-011C-4283-80BC-CD897E48CF29}.Debug|Any CPU.ActiveCfg = Debug|Any CPU
		{934ED199-011C-4283-80BC-CD897E48CF29}.Debug|Any CPU.Build.0 = Debug|Any CPU
		{934ED199-011C-4283-80BC-CD897E48CF29}.Release|Any CPU.ActiveCfg = Release|Any CPU
		{934ED199-011C-4283-80BC-CD897E48CF29}.Release|Any CPU.Build.0 = Release|Any CPU
		{72255629-F6B9-4358-8F5A-4FFE1B8736DF}.Debug|Any CPU.ActiveCfg = Debug|Any CPU
		{72255629-F6B9-4358-8F5A-4FFE1B8736DF}.Debug|Any CPU.Build.0 = Debug|Any CPU
		{72255629-F6B9-4358-8F5A-4FFE1B8736DF}.Release|Any CPU.ActiveCfg = Release|Any CPU
		{72255629-F6B9-4358-8F5A-4FFE1B8736DF}.Release|Any CPU.Build.0 = Release|Any CPU
		{91F8D57F-EFF9-4CCA-8AC9-EBD0123837A3}.Debug|Any CPU.ActiveCfg = Debug|Any CPU
		{91F8D57F-EFF9-4CCA-8AC9-EBD0123837A3}.Debug|Any CPU.Build.0 = Debug|Any CPU
		{91F8D57F-EFF9-4CCA-8AC9-EBD0123837A3}.Release|Any CPU.ActiveCfg = Release|Any CPU
		{91F8D57F-EFF9-4CCA-8AC9-EBD0123837A3}.Release|Any CPU.Build.0 = Release|Any CPU
		{B7A7B2AF-F602-4524-9AD8-A391CF51CAC0}.Debug|Any CPU.ActiveCfg = Debug|Any CPU
		{B7A7B2AF-F602-4524-9AD8-A391CF51CAC0}.Debug|Any CPU.Build.0 = Debug|Any CPU
		{B7A7B2AF-F602-4524-9AD8-A391CF51CAC0}.Release|Any CPU.ActiveCfg = Release|Any CPU
		{B7A7B2AF-F602-4524-9AD8-A391CF51CAC0}.Release|Any CPU.Build.0 = Release|Any CPU
		{366D595C-0CEE-46FE-9BF8-FEF5E46857E1}.Debug|Any CPU.ActiveCfg = Debug|Any CPU
		{366D595C-0CEE-46FE-9BF8-FEF5E46857E1}.Debug|Any CPU.Build.0 = Debug|Any CPU
		{366D595C-0CEE-46FE-9BF8-FEF5E46857E1}.Release|Any CPU.ActiveCfg = Release|Any CPU
		{366D595C-0CEE-46FE-9BF8-FEF5E46857E1}.Release|Any CPU.Build.0 = Release|Any CPU
		{8E5D78BD-378F-4580-B91B-4B7E1B33E235}.Debug|Any CPU.ActiveCfg = Debug|Any CPU
		{8E5D78BD-378F-4580-B91B-4B7E1B33E235}.Debug|Any CPU.Build.0 = Debug|Any CPU
		{8E5D78BD-378F-4580-B91B-4B7E1B33E235}.Release|Any CPU.ActiveCfg = Release|Any CPU
		{8E5D78BD-378F-4580-B91B-4B7E1B33E235}.Release|Any CPU.Build.0 = Release|Any CPU
		{8C9EA39F-64D1-4131-87DF-EDF46DB8564B}.Debug|Any CPU.ActiveCfg = Debug|Any CPU
		{8C9EA39F-64D1-4131-87DF-EDF46DB8564B}.Debug|Any CPU.Build.0 = Debug|Any CPU
		{8C9EA39F-64D1-4131-87DF-EDF46DB8564B}.Release|Any CPU.ActiveCfg = Release|Any CPU
		{8C9EA39F-64D1-4131-87DF-EDF46DB8564B}.Release|Any CPU.Build.0 = Release|Any CPU
		{53A57C6C-F588-4A04-9685-503E5A93D3BD}.Debug|Any CPU.ActiveCfg = Debug|Any CPU
		{53A57C6C-F588-4A04-9685-503E5A93D3BD}.Debug|Any CPU.Build.0 = Debug|Any CPU
		{53A57C6C-F588-4A04-9685-503E5A93D3BD}.Release|Any CPU.ActiveCfg = Release|Any CPU
		{53A57C6C-F588-4A04-9685-503E5A93D3BD}.Release|Any CPU.Build.0 = Release|Any CPU
		{4B2E67E0-AECE-4F17-A40E-5B6732E894AC}.Debug|Any CPU.ActiveCfg = Debug|Any CPU
		{4B2E67E0-AECE-4F17-A40E-5B6732E894AC}.Debug|Any CPU.Build.0 = Debug|Any CPU
		{4B2E67E0-AECE-4F17-A40E-5B6732E894AC}.Release|Any CPU.ActiveCfg = Release|Any CPU
		{4B2E67E0-AECE-4F17-A40E-5B6732E894AC}.Release|Any CPU.Build.0 = Release|Any CPU
		{10D73B1C-CD6C-4A6A-A8BA-C8C5EEEA0FA4}.Debug|Any CPU.ActiveCfg = Debug|Any CPU
		{10D73B1C-CD6C-4A6A-A8BA-C8C5EEEA0FA4}.Debug|Any CPU.Build.0 = Debug|Any CPU
		{10D73B1C-CD6C-4A6A-A8BA-C8C5EEEA0FA4}.Release|Any CPU.ActiveCfg = Release|Any CPU
		{10D73B1C-CD6C-4A6A-A8BA-C8C5EEEA0FA4}.Release|Any CPU.Build.0 = Release|Any CPU
		{64BD3078-2E2D-42E4-A339-23852B0A2CE3}.Debug|Any CPU.ActiveCfg = Debug|Any CPU
		{64BD3078-2E2D-42E4-A339-23852B0A2CE3}.Debug|Any CPU.Build.0 = Debug|Any CPU
		{64BD3078-2E2D-42E4-A339-23852B0A2CE3}.Release|Any CPU.ActiveCfg = Release|Any CPU
		{64BD3078-2E2D-42E4-A339-23852B0A2CE3}.Release|Any CPU.Build.0 = Release|Any CPU
		{657BB797-DF00-4D7C-9B32-CE3D28EDF143}.Debug|Any CPU.ActiveCfg = Debug|Any CPU
		{657BB797-DF00-4D7C-9B32-CE3D28EDF143}.Debug|Any CPU.Build.0 = Debug|Any CPU
		{657BB797-DF00-4D7C-9B32-CE3D28EDF143}.Release|Any CPU.ActiveCfg = Release|Any CPU
		{657BB797-DF00-4D7C-9B32-CE3D28EDF143}.Release|Any CPU.Build.0 = Release|Any CPU
		{708AB291-720E-4810-9B21-DE4BA463B13F}.Debug|Any CPU.ActiveCfg = Debug|Any CPU
		{708AB291-720E-4810-9B21-DE4BA463B13F}.Debug|Any CPU.Build.0 = Debug|Any CPU
		{708AB291-720E-4810-9B21-DE4BA463B13F}.Release|Any CPU.ActiveCfg = Release|Any CPU
		{708AB291-720E-4810-9B21-DE4BA463B13F}.Release|Any CPU.Build.0 = Release|Any CPU
	EndGlobalSection
	GlobalSection(SolutionProperties) = preSolution
		HideSolutionNode = FALSE
	EndGlobalSection
	GlobalSection(NestedProjects) = preSolution
		{E11D7DBB-8536-4EF7-8DA7-20D45D052B16} = {9671BE4F-2CFF-4AED-9275-005013AA8A77}
		{934ED199-011C-4283-80BC-CD897E48CF29} = {5856C40C-9673-4AB8-8C5A-67D1577CE602}
		{72255629-F6B9-4358-8F5A-4FFE1B8736DF} = {5856C40C-9673-4AB8-8C5A-67D1577CE602}
		{91F8D57F-EFF9-4CCA-8AC9-EBD0123837A3} = {8E02FCDA-EB82-4D1E-AEF4-B5174A9A716D}
		{B7A7B2AF-F602-4524-9AD8-A391CF51CAC0} = {9671BE4F-2CFF-4AED-9275-005013AA8A77}
		{366D595C-0CEE-46FE-9BF8-FEF5E46857E1} = {9671BE4F-2CFF-4AED-9275-005013AA8A77}
		{865763FE-9D68-433C-AFAF-175E3523DB43} = {79A6A5AC-AD4E-45D3-9230-FFE74AD455DF}
		{CE8BE595-25DE-42F6-B3F2-49E05F205785} = {79A6A5AC-AD4E-45D3-9230-FFE74AD455DF}
		{8E5D78BD-378F-4580-B91B-4B7E1B33E235} = {2CA5CABA-AF9D-44EF-BB9D-7885489134FF}
		{8C9EA39F-64D1-4131-87DF-EDF46DB8564B} = {865763FE-9D68-433C-AFAF-175E3523DB43}
		{53A57C6C-F588-4A04-9685-503E5A93D3BD} = {CE8BE595-25DE-42F6-B3F2-49E05F205785}
		{4B2E67E0-AECE-4F17-A40E-5B6732E894AC} = {71D21833-C500-4F9A-B0AE-E40135D96DA5}
		{10D73B1C-CD6C-4A6A-A8BA-C8C5EEEA0FA4} = {71D21833-C500-4F9A-B0AE-E40135D96DA5}
		{64BD3078-2E2D-42E4-A339-23852B0A2CE3} = {71D21833-C500-4F9A-B0AE-E40135D96DA5}
		{657BB797-DF00-4D7C-9B32-CE3D28EDF143} = {71D21833-C500-4F9A-B0AE-E40135D96DA5}
		{708AB291-720E-4810-9B21-DE4BA463B13F} = {1007D401-B150-4F54-8EF7-9031C0ADC7E0}
	EndGlobalSection
EndGlobal
